
Microsoft Visual Studio Solution File, Format Version 12.00
# Visual Studio 15
VisualStudioVersion = 15.0.28010.2036
MinimumVisualStudioVersion = 10.0.40219.1
Project("{FAE04EC0-301F-11D3-BF4B-00C04F79EFBC}") = "NEODisassembler", "NEODisassembler\NEODisassembler.csproj", "{3A446915-2975-4AA2-AF2D-155ACC5562D1}"
EndProject
Global
	GlobalSection(SolutionConfigurationPlatforms) = preSolution
		Debug|Any CPU = Debug|Any CPU
		Release|Any CPU = Release|Any CPU
	EndGlobalSection
	GlobalSection(ProjectConfigurationPlatforms) = postSolution
		{3A446915-2975-4AA2-AF2D-155ACC5562D1}.Debug|Any CPU.ActiveCfg = Debug|Any CPU
		{3A446915-2975-4AA2-AF2D-155ACC5562D1}.Debug|Any CPU.Build.0 = Debug|Any CPU
		{3A446915-2975-4AA2-AF2D-155ACC5562D1}.Release|Any CPU.ActiveCfg = Release|Any CPU
		{3A446915-2975-4AA2-AF2D-155ACC5562D1}.Release|Any CPU.Build.0 = Release|Any CPU
	EndGlobalSection
	GlobalSection(SolutionProperties) = preSolution
		HideSolutionNode = FALSE
	EndGlobalSection
	GlobalSection(ExtensibilityGlobals) = postSolution
		SolutionGuid = {BD5C8667-CD6F-40B9-BD8C-728FA750D016}
	EndGlobalSection
EndGlobal
